
Microsoft Visual Studio Solution File, Format Version 12.00
# Visual Studio 14
VisualStudioVersion = 14.0.24720.0
MinimumVisualStudioVersion = 10.0.40219.1
Project("{FAE04EC0-301F-11D3-BF4B-00C04F79EFBC}") = "ChartStat", "ChartStat\ChartStat.csproj", "{033AEF2D-DD8B-464B-B0E1-984FD7FB0DAF}"
EndProject
Project("{FAE04EC0-301F-11D3-BF4B-00C04F79EFBC}") = "ChartStat.Model", "GraphStat.DAL\ChartStat.Model.csproj", "{86CE420C-52EF-47E1-8738-AAE4C98ABB1A}"
EndProject
Project("{FAE04EC0-301F-11D3-BF4B-00C04F79EFBC}") = "ChartStat.ChartUI", "ChartStat.ChartUI\ChartStat.ChartUI.csproj", "{154FFFE9-367E-4527-8F28-83B0E5C059A0}"
EndProject
Global
	GlobalSection(SolutionConfigurationPlatforms) = preSolution
		Debug|Any CPU = Debug|Any CPU
		Release|Any CPU = Release|Any CPU
	EndGlobalSection
	GlobalSection(ProjectConfigurationPlatforms) = postSolution
		{033AEF2D-DD8B-464B-B0E1-984FD7FB0DAF}.Debug|Any CPU.ActiveCfg = Debug|Any CPU
		{033AEF2D-DD8B-464B-B0E1-984FD7FB0DAF}.Debug|Any CPU.Build.0 = Debug|Any CPU
		{033AEF2D-DD8B-464B-B0E1-984FD7FB0DAF}.Release|Any CPU.ActiveCfg = Release|Any CPU
		{033AEF2D-DD8B-464B-B0E1-984FD7FB0DAF}.Release|Any CPU.Build.0 = Release|Any CPU
		{86CE420C-52EF-47E1-8738-AAE4C98ABB1A}.Debug|Any CPU.ActiveCfg = Debug|Any CPU
		{86CE420C-52EF-47E1-8738-AAE4C98ABB1A}.Debug|Any CPU.Build.0 = Debug|Any CPU
		{86CE420C-52EF-47E1-8738-AAE4C98ABB1A}.Release|Any CPU.ActiveCfg = Release|Any CPU
		{86CE420C-52EF-47E1-8738-AAE4C98ABB1A}.Release|Any CPU.Build.0 = Release|Any CPU
		{154FFFE9-367E-4527-8F28-83B0E5C059A0}.Debug|Any CPU.ActiveCfg = Debug|Any CPU
		{154FFFE9-367E-4527-8F28-83B0E5C059A0}.Debug|Any CPU.Build.0 = Debug|Any CPU
		{154FFFE9-367E-4527-8F28-83B0E5C059A0}.Release|Any CPU.ActiveCfg = Release|Any CPU
		{154FFFE9-367E-4527-8F28-83B0E5C059A0}.Release|Any CPU.Build.0 = Release|Any CPU
	EndGlobalSection
	GlobalSection(SolutionProperties) = preSolution
		HideSolutionNode = FALSE
	EndGlobalSection
	GlobalSection(TeamFoundationVersionControl) = preSolution
		SccNumberOfProjects = 4
		SccEnterpriseProvider = {4CA58AB2-18FA-4F8D-95D4-32DDF27D184C}
		SccTeamFoundationServer = http://dom.ren-it.com:8080/tfs/anahit
		SccLocalPath0 = .
		SccProjectUniqueName1 = ChartStat.ChartUI\\ChartStat.ChartUI.csproj
		SccProjectName1 = ChartStat.ChartUI
		SccLocalPath1 = ChartStat.ChartUI
		SccProjectUniqueName2 = ChartStat\\ChartStat.csproj
		SccProjectName2 = ChartStat
		SccLocalPath2 = ChartStat
		SccProjectUniqueName3 = GraphStat.DAL\\ChartStat.Model.csproj
		SccProjectName3 = GraphStat.DAL
		SccLocalPath3 = GraphStat.DAL
	EndGlobalSection
EndGlobal
